// !$*UTF8*$!
{
	archiveVersion = 1;
	classes = {
	};
	objectVersion = 46;
	objects = {

/* Begin PBXBuildFile section */
		AB117AF91B1227A600926E1A /* DetailViewController.m in Sources */ = {isa = PBXBuildFile; fileRef = AB117AF81B1227A600926E1A /* DetailViewController.m */; };
		AB83E2431B17612000CEC1D0 /* UIColors.m in Sources */ = {isa = PBXBuildFile; fileRef = AB83E2421B17612000CEC1D0 /* UIColors.m */; };
		ABADCCFA19B1B70600458366 /* Foundation.framework in Frameworks */ = {isa = PBXBuildFile; fileRef = ABADCCF919B1B70600458366 /* Foundation.framework */; };
		ABADCCFC19B1B70600458366 /* CoreGraphics.framework in Frameworks */ = {isa = PBXBuildFile; fileRef = ABADCCFB19B1B70600458366 /* CoreGraphics.framework */; };
		ABADCCFE19B1B70600458366 /* UIKit.framework in Frameworks */ = {isa = PBXBuildFile; fileRef = ABADCCFD19B1B70600458366 /* UIKit.framework */; };
		ABADCD0419B1B70600458366 /* InfoPlist.strings in Resources */ = {isa = PBXBuildFile; fileRef = ABADCD0219B1B70600458366 /* InfoPlist.strings */; };
		ABADCD0619B1B70600458366 /* main.m in Sources */ = {isa = PBXBuildFile; fileRef = ABADCD0519B1B70600458366 /* main.m */; };
		ABADCD0A19B1B70600458366 /* AppDelegate.m in Sources */ = {isa = PBXBuildFile; fileRef = ABADCD0919B1B70600458366 /* AppDelegate.m */; };
		ABADCD0C19B1B70600458366 /* Images.xcassets in Resources */ = {isa = PBXBuildFile; fileRef = ABADCD0B19B1B70600458366 /* Images.xcassets */; };
		ABADCD1319B1B70600458366 /* XCTest.framework in Frameworks */ = {isa = PBXBuildFile; fileRef = ABADCD1219B1B70600458366 /* XCTest.framework */; };
		ABADCD1419B1B70600458366 /* Foundation.framework in Frameworks */ = {isa = PBXBuildFile; fileRef = ABADCCF919B1B70600458366 /* Foundation.framework */; };
		ABADCD1519B1B70600458366 /* UIKit.framework in Frameworks */ = {isa = PBXBuildFile; fileRef = ABADCCFD19B1B70600458366 /* UIKit.framework */; };
		ABADCD1D19B1B70600458366 /* InfoPlist.strings in Resources */ = {isa = PBXBuildFile; fileRef = ABADCD1B19B1B70600458366 /* InfoPlist.strings */; };
		ABADCD1F19B1B70600458366 /* Filmoteca_de_AlbaceteTests.m in Sources */ = {isa = PBXBuildFile; fileRef = ABADCD1E19B1B70600458366 /* Filmoteca_de_AlbaceteTests.m */; };
		ABADCD2919B1B73100458366 /* Storyboard.storyboard in Resources */ = {isa = PBXBuildFile; fileRef = ABADCD2819B1B73100458366 /* Storyboard.storyboard */; };
		ABB65A0119B1E99A0035ECA1 /* MovieTableViewController.m in Sources */ = {isa = PBXBuildFile; fileRef = ABB65A0019B1E99A0035ECA1 /* MovieTableViewController.m */; };
		ABC887EA1B17691300CBF073 /* ProgressAlert.m in Sources */ = {isa = PBXBuildFile; fileRef = ABC887E91B17691300CBF073 /* ProgressAlert.m */; };
		ABC887ED1B17718100CBF073 /* UIFilmotecaNavigationController.m in Sources */ = {isa = PBXBuildFile; fileRef = ABC887EC1B17718100CBF073 /* UIFilmotecaNavigationController.m */; };
		ABDEBBEE1ABB03B500EAE576 /* ParseUtils.m in Sources */ = {isa = PBXBuildFile; fileRef = ABDEBBED1ABB03B500EAE576 /* ParseUtils.m */; };
		ABE87B5D1B0DD0DD0089F2AA /* Constants.m in Sources */ = {isa = PBXBuildFile; fileRef = ABE87B5C1B0DD0DD0089F2AA /* Constants.m */; };
		ABE87B611B0E31AC0089F2AA /* Movie.m in Sources */ = {isa = PBXBuildFile; fileRef = ABE87B601B0E31AC0089F2AA /* Movie.m */; };
		E9CC0826A89B7AC41EADABE8 /* libPods.a in Frameworks */ = {isa = PBXBuildFile; fileRef = 2EEB737D3F58C18E60048F11 /* libPods.a */; };
/* End PBXBuildFile section */

/* Begin PBXContainerItemProxy section */
		ABADCD1619B1B70600458366 /* PBXContainerItemProxy */ = {
			isa = PBXContainerItemProxy;
			containerPortal = ABADCCEE19B1B70600458366 /* Project object */;
			proxyType = 1;
			remoteGlobalIDString = ABADCCF519B1B70600458366;
			remoteInfo = "Filmoteca de Albacete";
		};
/* End PBXContainerItemProxy section */

/* Begin PBXFileReference section */
		2EEB737D3F58C18E60048F11 /* libPods.a */ = {isa = PBXFileReference; explicitFileType = archive.ar; includeInIndex = 0; path = libPods.a; sourceTree = BUILT_PRODUCTS_DIR; };
		569BBE2D5DAD37B11D74E66B /* Pods.release.xcconfig */ = {isa = PBXFileReference; includeInIndex = 1; lastKnownFileType = text.xcconfig; name = Pods.release.xcconfig; path = "Pods/Target Support Files/Pods/Pods.release.xcconfig"; sourceTree = "<group>"; };
		AB117AF71B1227A600926E1A /* DetailViewController.h */ = {isa = PBXFileReference; fileEncoding = 4; lastKnownFileType = sourcecode.c.h; path = DetailViewController.h; sourceTree = "<group>"; };
		AB117AF81B1227A600926E1A /* DetailViewController.m */ = {isa = PBXFileReference; fileEncoding = 4; lastKnownFileType = sourcecode.c.objc; path = DetailViewController.m; sourceTree = "<group>"; };
		AB83E2411B17612000CEC1D0 /* UIColors.h */ = {isa = PBXFileReference; fileEncoding = 4; lastKnownFileType = sourcecode.c.h; path = UIColors.h; sourceTree = "<group>"; };
		AB83E2421B17612000CEC1D0 /* UIColors.m */ = {isa = PBXFileReference; fileEncoding = 4; lastKnownFileType = sourcecode.c.objc; path = UIColors.m; sourceTree = "<group>"; };
		ABADCCF619B1B70600458366 /* Filmoteca de Albacete.app */ = {isa = PBXFileReference; explicitFileType = wrapper.application; includeInIndex = 0; path = "Filmoteca de Albacete.app"; sourceTree = BUILT_PRODUCTS_DIR; };
		ABADCCF919B1B70600458366 /* Foundation.framework */ = {isa = PBXFileReference; lastKnownFileType = wrapper.framework; name = Foundation.framework; path = System/Library/Frameworks/Foundation.framework; sourceTree = SDKROOT; };
		ABADCCFB19B1B70600458366 /* CoreGraphics.framework */ = {isa = PBXFileReference; lastKnownFileType = wrapper.framework; name = CoreGraphics.framework; path = System/Library/Frameworks/CoreGraphics.framework; sourceTree = SDKROOT; };
		ABADCCFD19B1B70600458366 /* UIKit.framework */ = {isa = PBXFileReference; lastKnownFileType = wrapper.framework; name = UIKit.framework; path = System/Library/Frameworks/UIKit.framework; sourceTree = SDKROOT; };
		ABADCD0119B1B70600458366 /* Filmoteca de Albacete-Info.plist */ = {isa = PBXFileReference; lastKnownFileType = text.plist.xml; path = "Filmoteca de Albacete-Info.plist"; sourceTree = "<group>"; };
		ABADCD0319B1B70600458366 /* en */ = {isa = PBXFileReference; lastKnownFileType = text.plist.strings; name = en; path = en.lproj/InfoPlist.strings; sourceTree = "<group>"; };
		ABADCD0519B1B70600458366 /* main.m */ = {isa = PBXFileReference; lastKnownFileType = sourcecode.c.objc; path = main.m; sourceTree = "<group>"; };
		ABADCD0719B1B70600458366 /* Filmoteca de Albacete-Prefix.pch */ = {isa = PBXFileReference; lastKnownFileType = sourcecode.c.h; path = "Filmoteca de Albacete-Prefix.pch"; sourceTree = "<group>"; };
		ABADCD0819B1B70600458366 /* AppDelegate.h */ = {isa = PBXFileReference; lastKnownFileType = sourcecode.c.h; path = AppDelegate.h; sourceTree = "<group>"; };
		ABADCD0919B1B70600458366 /* AppDelegate.m */ = {isa = PBXFileReference; lastKnownFileType = sourcecode.c.objc; path = AppDelegate.m; sourceTree = "<group>"; };
		ABADCD0B19B1B70600458366 /* Images.xcassets */ = {isa = PBXFileReference; lastKnownFileType = folder.assetcatalog; path = Images.xcassets; sourceTree = "<group>"; };
		ABADCD1119B1B70600458366 /* Filmoteca de AlbaceteTests.xctest */ = {isa = PBXFileReference; explicitFileType = wrapper.cfbundle; includeInIndex = 0; path = "Filmoteca de AlbaceteTests.xctest"; sourceTree = BUILT_PRODUCTS_DIR; };
		ABADCD1219B1B70600458366 /* XCTest.framework */ = {isa = PBXFileReference; lastKnownFileType = wrapper.framework; name = XCTest.framework; path = Library/Frameworks/XCTest.framework; sourceTree = DEVELOPER_DIR; };
		ABADCD1A19B1B70600458366 /* Filmoteca de AlbaceteTests-Info.plist */ = {isa = PBXFileReference; lastKnownFileType = text.plist.xml; path = "Filmoteca de AlbaceteTests-Info.plist"; sourceTree = "<group>"; };
		ABADCD1C19B1B70600458366 /* en */ = {isa = PBXFileReference; lastKnownFileType = text.plist.strings; name = en; path = en.lproj/InfoPlist.strings; sourceTree = "<group>"; };
		ABADCD1E19B1B70600458366 /* Filmoteca_de_AlbaceteTests.m */ = {isa = PBXFileReference; lastKnownFileType = sourcecode.c.objc; path = Filmoteca_de_AlbaceteTests.m; sourceTree = "<group>"; };
		ABADCD2819B1B73100458366 /* Storyboard.storyboard */ = {isa = PBXFileReference; fileEncoding = 4; lastKnownFileType = file.storyboard; path = Storyboard.storyboard; sourceTree = "<group>"; };
		ABB659FF19B1E99A0035ECA1 /* MovieTableViewController.h */ = {isa = PBXFileReference; fileEncoding = 4; lastKnownFileType = sourcecode.c.h; path = MovieTableViewController.h; sourceTree = "<group>"; };
		ABB65A0019B1E99A0035ECA1 /* MovieTableViewController.m */ = {isa = PBXFileReference; fileEncoding = 4; lastKnownFileType = sourcecode.c.objc; path = MovieTableViewController.m; sourceTree = "<group>"; };
		ABC887E81B17691300CBF073 /* ProgressAlert.h */ = {isa = PBXFileReference; fileEncoding = 4; lastKnownFileType = sourcecode.c.h; path = ProgressAlert.h; sourceTree = "<group>"; };
		ABC887E91B17691300CBF073 /* ProgressAlert.m */ = {isa = PBXFileReference; fileEncoding = 4; lastKnownFileType = sourcecode.c.objc; path = ProgressAlert.m; sourceTree = "<group>"; };
		ABC887EB1B17718100CBF073 /* UIFilmotecaNavigationController.h */ = {isa = PBXFileReference; fileEncoding = 4; lastKnownFileType = sourcecode.c.h; path = UIFilmotecaNavigationController.h; sourceTree = "<group>"; };
		ABC887EC1B17718100CBF073 /* UIFilmotecaNavigationController.m */ = {isa = PBXFileReference; fileEncoding = 4; lastKnownFileType = sourcecode.c.objc; path = UIFilmotecaNavigationController.m; sourceTree = "<group>"; };
		ABDEBBEC1ABB03B500EAE576 /* ParseUtils.h */ = {isa = PBXFileReference; fileEncoding = 4; lastKnownFileType = sourcecode.c.h; path = ParseUtils.h; sourceTree = "<group>"; };
		ABDEBBED1ABB03B500EAE576 /* ParseUtils.m */ = {isa = PBXFileReference; fileEncoding = 4; lastKnownFileType = sourcecode.c.objc; path = ParseUtils.m; sourceTree = "<group>"; };
		ABE87B5B1B0DD0DD0089F2AA /* Constants.h */ = {isa = PBXFileReference; fileEncoding = 4; lastKnownFileType = sourcecode.c.h; path = Constants.h; sourceTree = "<group>"; };
		ABE87B5C1B0DD0DD0089F2AA /* Constants.m */ = {isa = PBXFileReference; fileEncoding = 4; lastKnownFileType = sourcecode.c.objc; path = Constants.m; sourceTree = "<group>"; };
		ABE87B5F1B0E31AC0089F2AA /* Movie.h */ = {isa = PBXFileReference; fileEncoding = 4; lastKnownFileType = sourcecode.c.h; path = Movie.h; sourceTree = "<group>"; };
		ABE87B601B0E31AC0089F2AA /* Movie.m */ = {isa = PBXFileReference; fileEncoding = 4; lastKnownFileType = sourcecode.c.objc; path = Movie.m; sourceTree = "<group>"; };
		B9BD23B2608CEA088040D423 /* Pods.debug.xcconfig */ = {isa = PBXFileReference; includeInIndex = 1; lastKnownFileType = text.xcconfig; name = Pods.debug.xcconfig; path = "Pods/Target Support Files/Pods/Pods.debug.xcconfig"; sourceTree = "<group>"; };
/* End PBXFileReference section */

/* Begin PBXFrameworksBuildPhase section */
		ABADCCF319B1B70600458366 /* Frameworks */ = {
			isa = PBXFrameworksBuildPhase;
			buildActionMask = 2147483647;
			files = (
				ABADCCFC19B1B70600458366 /* CoreGraphics.framework in Frameworks */,
				ABADCCFE19B1B70600458366 /* UIKit.framework in Frameworks */,
				ABADCCFA19B1B70600458366 /* Foundation.framework in Frameworks */,
				E9CC0826A89B7AC41EADABE8 /* libPods.a in Frameworks */,
			);
			runOnlyForDeploymentPostprocessing = 0;
		};
		ABADCD0E19B1B70600458366 /* Frameworks */ = {
			isa = PBXFrameworksBuildPhase;
			buildActionMask = 2147483647;
			files = (
				ABADCD1319B1B70600458366 /* XCTest.framework in Frameworks */,
				ABADCD1519B1B70600458366 /* UIKit.framework in Frameworks */,
				ABADCD1419B1B70600458366 /* Foundation.framework in Frameworks */,
			);
			runOnlyForDeploymentPostprocessing = 0;
		};
/* End PBXFrameworksBuildPhase section */

/* Begin PBXGroup section */
		7821E0B1484D307D988382FA /* Pods */ = {
			isa = PBXGroup;
			children = (
				B9BD23B2608CEA088040D423 /* Pods.debug.xcconfig */,
				569BBE2D5DAD37B11D74E66B /* Pods.release.xcconfig */,
			);
			name = Pods;
			sourceTree = "<group>";
		};
		AB83E2401B1760EB00CEC1D0 /* Artwork */ = {
			isa = PBXGroup;
			children = (
				AB83E2411B17612000CEC1D0 /* UIColors.h */,
				AB83E2421B17612000CEC1D0 /* UIColors.m */,
			);
			path = Artwork;
			sourceTree = "<group>";
		};
		ABADCCED19B1B70600458366 = {
			isa = PBXGroup;
			children = (
				ABADCCFF19B1B70600458366 /* Filmoteca de Albacete */,
				ABADCD1819B1B70600458366 /* Filmoteca de AlbaceteTests */,
				ABADCCF819B1B70600458366 /* Frameworks */,
				ABADCCF719B1B70600458366 /* Products */,
				7821E0B1484D307D988382FA /* Pods */,
			);
			sourceTree = "<group>";
		};
		ABADCCF719B1B70600458366 /* Products */ = {
			isa = PBXGroup;
			children = (
				ABADCCF619B1B70600458366 /* Filmoteca de Albacete.app */,
				ABADCD1119B1B70600458366 /* Filmoteca de AlbaceteTests.xctest */,
			);
			name = Products;
			sourceTree = "<group>";
		};
		ABADCCF819B1B70600458366 /* Frameworks */ = {
			isa = PBXGroup;
			children = (
				ABADCCF919B1B70600458366 /* Foundation.framework */,
				ABADCCFB19B1B70600458366 /* CoreGraphics.framework */,
				ABADCCFD19B1B70600458366 /* UIKit.framework */,
				ABADCD1219B1B70600458366 /* XCTest.framework */,
				2EEB737D3F58C18E60048F11 /* libPods.a */,
			);
			name = Frameworks;
			sourceTree = "<group>";
		};
		ABADCCFF19B1B70600458366 /* Filmoteca de Albacete */ = {
			isa = PBXGroup;
			children = (
				AB83E2401B1760EB00CEC1D0 /* Artwork */,
				ABE87B5E1B0E31840089F2AA /* Model */,
				ABE87B5A1B0DD0B70089F2AA /* Utils */,
				ABADCD0819B1B70600458366 /* AppDelegate.h */,
				ABADCD0919B1B70600458366 /* AppDelegate.m */,
				ABADCD0B19B1B70600458366 /* Images.xcassets */,
				ABADCD0019B1B70600458366 /* Supporting Files */,
				ABADCD2819B1B73100458366 /* Storyboard.storyboard */,
				ABB659FF19B1E99A0035ECA1 /* MovieTableViewController.h */,
				ABB65A0019B1E99A0035ECA1 /* MovieTableViewController.m */,
				AB117AF71B1227A600926E1A /* DetailViewController.h */,
				AB117AF81B1227A600926E1A /* DetailViewController.m */,
				ABC887EB1B17718100CBF073 /* UIFilmotecaNavigationController.h */,
				ABC887EC1B17718100CBF073 /* UIFilmotecaNavigationController.m */,
			);
			path = "Filmoteca de Albacete";
			sourceTree = "<group>";
		};
		ABADCD0019B1B70600458366 /* Supporting Files */ = {
			isa = PBXGroup;
			children = (
				ABADCD0119B1B70600458366 /* Filmoteca de Albacete-Info.plist */,
				ABADCD0219B1B70600458366 /* InfoPlist.strings */,
				ABADCD0519B1B70600458366 /* main.m */,
				ABADCD0719B1B70600458366 /* Filmoteca de Albacete-Prefix.pch */,
			);
			name = "Supporting Files";
			sourceTree = "<group>";
		};
		ABADCD1819B1B70600458366 /* Filmoteca de AlbaceteTests */ = {
			isa = PBXGroup;
			children = (
				ABADCD1E19B1B70600458366 /* Filmoteca_de_AlbaceteTests.m */,
				ABADCD1919B1B70600458366 /* Supporting Files */,
			);
			path = "Filmoteca de AlbaceteTests";
			sourceTree = "<group>";
		};
		ABADCD1919B1B70600458366 /* Supporting Files */ = {
			isa = PBXGroup;
			children = (
				ABADCD1A19B1B70600458366 /* Filmoteca de AlbaceteTests-Info.plist */,
				ABADCD1B19B1B70600458366 /* InfoPlist.strings */,
			);
			name = "Supporting Files";
			sourceTree = "<group>";
		};
		ABE87B5A1B0DD0B70089F2AA /* Utils */ = {
			isa = PBXGroup;
			children = (
				ABDEBBEC1ABB03B500EAE576 /* ParseUtils.h */,
				ABDEBBED1ABB03B500EAE576 /* ParseUtils.m */,
				ABE87B5B1B0DD0DD0089F2AA /* Constants.h */,
				ABE87B5C1B0DD0DD0089F2AA /* Constants.m */,
				ABC887E81B17691300CBF073 /* ProgressAlert.h */,
				ABC887E91B17691300CBF073 /* ProgressAlert.m */,
			);
			path = Utils;
			sourceTree = "<group>";
		};
		ABE87B5E1B0E31840089F2AA /* Model */ = {
			isa = PBXGroup;
			children = (
				ABE87B5F1B0E31AC0089F2AA /* Movie.h */,
				ABE87B601B0E31AC0089F2AA /* Movie.m */,
			);
			path = Model;
			sourceTree = "<group>";
		};
/* End PBXGroup section */

/* Begin PBXNativeTarget section */
		ABADCCF519B1B70600458366 /* Filmoteca de Albacete */ = {
			isa = PBXNativeTarget;
			buildConfigurationList = ABADCD2219B1B70600458366 /* Build configuration list for PBXNativeTarget "Filmoteca de Albacete" */;
			buildPhases = (
				2D65ECEC959F75A4D762F290 /* Check Pods Manifest.lock */,
				ABADCCF219B1B70600458366 /* Sources */,
				ABADCCF319B1B70600458366 /* Frameworks */,
				ABADCCF419B1B70600458366 /* Resources */,
				BECDFE7EFF75A19C53FB75C0 /* Copy Pods Resources */,
			);
			buildRules = (
			);
			dependencies = (
			);
			name = "Filmoteca de Albacete";
			productName = "Filmoteca de Albacete";
			productReference = ABADCCF619B1B70600458366 /* Filmoteca de Albacete.app */;
			productType = "com.apple.product-type.application";
		};
		ABADCD1019B1B70600458366 /* Filmoteca de AlbaceteTests */ = {
			isa = PBXNativeTarget;
			buildConfigurationList = ABADCD2519B1B70600458366 /* Build configuration list for PBXNativeTarget "Filmoteca de AlbaceteTests" */;
			buildPhases = (
				ABADCD0D19B1B70600458366 /* Sources */,
				ABADCD0E19B1B70600458366 /* Frameworks */,
				ABADCD0F19B1B70600458366 /* Resources */,
			);
			buildRules = (
			);
			dependencies = (
				ABADCD1719B1B70600458366 /* PBXTargetDependency */,
			);
			name = "Filmoteca de AlbaceteTests";
			productName = "Filmoteca de AlbaceteTests";
			productReference = ABADCD1119B1B70600458366 /* Filmoteca de AlbaceteTests.xctest */;
			productType = "com.apple.product-type.bundle.unit-test";
		};
/* End PBXNativeTarget section */

/* Begin PBXProject section */
		ABADCCEE19B1B70600458366 /* Project object */ = {
			isa = PBXProject;
			attributes = {
				LastUpgradeCheck = 0510;
				ORGANIZATIONNAME = VSA;
				TargetAttributes = {
					ABADCD1019B1B70600458366 = {
						TestTargetID = ABADCCF519B1B70600458366;
					};
				};
			};
			buildConfigurationList = ABADCCF119B1B70600458366 /* Build configuration list for PBXProject "Filmoteca de Albacete" */;
			compatibilityVersion = "Xcode 3.2";
			developmentRegion = English;
			hasScannedForEncodings = 0;
			knownRegions = (
				en,
			);
			mainGroup = ABADCCED19B1B70600458366;
			productRefGroup = ABADCCF719B1B70600458366 /* Products */;
			projectDirPath = "";
			projectRoot = "";
			targets = (
				ABADCCF519B1B70600458366 /* Filmoteca de Albacete */,
				ABADCD1019B1B70600458366 /* Filmoteca de AlbaceteTests */,
			);
		};
/* End PBXProject section */

/* Begin PBXResourcesBuildPhase section */
		ABADCCF419B1B70600458366 /* Resources */ = {
			isa = PBXResourcesBuildPhase;
			buildActionMask = 2147483647;
			files = (
				ABADCD0419B1B70600458366 /* InfoPlist.strings in Resources */,
				ABADCD0C19B1B70600458366 /* Images.xcassets in Resources */,
				ABADCD2919B1B73100458366 /* Storyboard.storyboard in Resources */,
			);
			runOnlyForDeploymentPostprocessing = 0;
		};
		ABADCD0F19B1B70600458366 /* Resources */ = {
			isa = PBXResourcesBuildPhase;
			buildActionMask = 2147483647;
			files = (
				ABADCD1D19B1B70600458366 /* InfoPlist.strings in Resources */,
			);
			runOnlyForDeploymentPostprocessing = 0;
		};
/* End PBXResourcesBuildPhase section */

/* Begin PBXShellScriptBuildPhase section */
		2D65ECEC959F75A4D762F290 /* Check Pods Manifest.lock */ = {
			isa = PBXShellScriptBuildPhase;
			buildActionMask = 2147483647;
			files = (
			);
			inputPaths = (
			);
			name = "Check Pods Manifest.lock";
			outputPaths = (
			);
			runOnlyForDeploymentPostprocessing = 0;
			shellPath = /bin/sh;
			shellScript = "diff \"${PODS_ROOT}/../Podfile.lock\" \"${PODS_ROOT}/Manifest.lock\" > /dev/null\nif [[ $? != 0 ]] ; then\n    cat << EOM\nerror: The sandbox is not in sync with the Podfile.lock. Run 'pod install' or update your CocoaPods installation.\nEOM\n    exit 1\nfi\n";
			showEnvVarsInLog = 0;
		};
		BECDFE7EFF75A19C53FB75C0 /* Copy Pods Resources */ = {
			isa = PBXShellScriptBuildPhase;
			buildActionMask = 2147483647;
			files = (
			);
			inputPaths = (
			);
			name = "Copy Pods Resources";
			outputPaths = (
			);
			runOnlyForDeploymentPostprocessing = 0;
			shellPath = /bin/sh;
			shellScript = "\"${SRCROOT}/Pods/Target Support Files/Pods/Pods-resources.sh\"\n";
			showEnvVarsInLog = 0;
		};
/* End PBXShellScriptBuildPhase section */

/* Begin PBXSourcesBuildPhase section */
		ABADCCF219B1B70600458366 /* Sources */ = {
			isa = PBXSourcesBuildPhase;
			buildActionMask = 2147483647;
			files = (
				ABE87B611B0E31AC0089F2AA /* Movie.m in Sources */,
				ABE87B5D1B0DD0DD0089F2AA /* Constants.m in Sources */,
				ABC887EA1B17691300CBF073 /* ProgressAlert.m in Sources */,
				ABB65A0119B1E99A0035ECA1 /* MovieTableViewController.m in Sources */,
				ABADCD0A19B1B70600458366 /* AppDelegate.m in Sources */,
				ABADCD0619B1B70600458366 /* main.m in Sources */,
				AB83E2431B17612000CEC1D0 /* UIColors.m in Sources */,
				ABDEBBEE1ABB03B500EAE576 /* ParseUtils.m in Sources */,
				ABC887ED1B17718100CBF073 /* UIFilmotecaNavigationController.m in Sources */,
				AB117AF91B1227A600926E1A /* DetailViewController.m in Sources */,
			);
			runOnlyForDeploymentPostprocessing = 0;
		};
		ABADCD0D19B1B70600458366 /* Sources */ = {
			isa = PBXSourcesBuildPhase;
			buildActionMask = 2147483647;
			files = (
				ABADCD1F19B1B70600458366 /* Filmoteca_de_AlbaceteTests.m in Sources */,
			);
			runOnlyForDeploymentPostprocessing = 0;
		};
/* End PBXSourcesBuildPhase section */

/* Begin PBXTargetDependency section */
		ABADCD1719B1B70600458366 /* PBXTargetDependency */ = {
			isa = PBXTargetDependency;
			target = ABADCCF519B1B70600458366 /* Filmoteca de Albacete */;
			targetProxy = ABADCD1619B1B70600458366 /* PBXContainerItemProxy */;
		};
/* End PBXTargetDependency section */

/* Begin PBXVariantGroup section */
		ABADCD0219B1B70600458366 /* InfoPlist.strings */ = {
			isa = PBXVariantGroup;
			children = (
				ABADCD0319B1B70600458366 /* en */,
			);
			name = InfoPlist.strings;
			sourceTree = "<group>";
		};
		ABADCD1B19B1B70600458366 /* InfoPlist.strings */ = {
			isa = PBXVariantGroup;
			children = (
				ABADCD1C19B1B70600458366 /* en */,
			);
			name = InfoPlist.strings;
			sourceTree = "<group>";
		};
/* End PBXVariantGroup section */

/* Begin XCBuildConfiguration section */
		ABADCD2019B1B70600458366 /* Debug */ = {
			isa = XCBuildConfiguration;
			buildSettings = {
				ALWAYS_SEARCH_USER_PATHS = NO;
				CLANG_CXX_LANGUAGE_STANDARD = "gnu++0x";
				CLANG_CXX_LIBRARY = "libc++";
				CLANG_ENABLE_MODULES = YES;
				CLANG_ENABLE_OBJC_ARC = YES;
				CLANG_WARN_BOOL_CONVERSION = YES;
				CLANG_WARN_CONSTANT_CONVERSION = YES;
				CLANG_WARN_DIRECT_OBJC_ISA_USAGE = YES_ERROR;
				CLANG_WARN_EMPTY_BODY = YES;
				CLANG_WARN_ENUM_CONVERSION = YES;
				CLANG_WARN_INT_CONVERSION = YES;
				CLANG_WARN_OBJC_ROOT_CLASS = YES_ERROR;
				CLANG_WARN__DUPLICATE_METHOD_MATCH = YES;
				"CODE_SIGN_IDENTITY[sdk=iphoneos*]" = "iPhone Developer";
				COPY_PHASE_STRIP = NO;
				GCC_C_LANGUAGE_STANDARD = gnu99;
				GCC_DYNAMIC_NO_PIC = NO;
				GCC_OPTIMIZATION_LEVEL = 0;
				GCC_PREPROCESSOR_DEFINITIONS = (
					"DEBUG=1",
					"$(inherited)",
				);
				GCC_SYMBOLS_PRIVATE_EXTERN = NO;
				GCC_WARN_64_TO_32_BIT_CONVERSION = YES;
				GCC_WARN_ABOUT_RETURN_TYPE = YES_ERROR;
				GCC_WARN_UNDECLARED_SELECTOR = YES;
				GCC_WARN_UNINITIALIZED_AUTOS = YES_AGGRESSIVE;
				GCC_WARN_UNUSED_FUNCTION = YES;
				GCC_WARN_UNUSED_VARIABLE = YES;
				IPHONEOS_DEPLOYMENT_TARGET = 8.3;
				ONLY_ACTIVE_ARCH = YES;
				SDKROOT = iphoneos;
			};
			name = Debug;
		};
		ABADCD2119B1B70600458366 /* Release */ = {
			isa = XCBuildConfiguration;
			buildSettings = {
				ALWAYS_SEARCH_USER_PATHS = NO;
				CLANG_CXX_LANGUAGE_STANDARD = "gnu++0x";
				CLANG_CXX_LIBRARY = "libc++";
				CLANG_ENABLE_MODULES = YES;
				CLANG_ENABLE_OBJC_ARC = YES;
				CLANG_WARN_BOOL_CONVERSION = YES;
				CLANG_WARN_CONSTANT_CONVERSION = YES;
				CLANG_WARN_DIRECT_OBJC_ISA_USAGE = YES_ERROR;
				CLANG_WARN_EMPTY_BODY = YES;
				CLANG_WARN_ENUM_CONVERSION = YES;
				CLANG_WARN_INT_CONVERSION = YES;
				CLANG_WARN_OBJC_ROOT_CLASS = YES_ERROR;
				CLANG_WARN__DUPLICATE_METHOD_MATCH = YES;
				"CODE_SIGN_IDENTITY[sdk=iphoneos*]" = "iPhone Developer";
				COPY_PHASE_STRIP = YES;
				ENABLE_NS_ASSERTIONS = NO;
				GCC_C_LANGUAGE_STANDARD = gnu99;
				GCC_WARN_64_TO_32_BIT_CONVERSION = YES;
				GCC_WARN_ABOUT_RETURN_TYPE = YES_ERROR;
				GCC_WARN_UNDECLARED_SELECTOR = YES;
				GCC_WARN_UNINITIALIZED_AUTOS = YES_AGGRESSIVE;
				GCC_WARN_UNUSED_FUNCTION = YES;
				GCC_WARN_UNUSED_VARIABLE = YES;
				IPHONEOS_DEPLOYMENT_TARGET = 8.3;
				SDKROOT = iphoneos;
				VALIDATE_PRODUCT = YES;
			};
			name = Release;
		};
		ABADCD2319B1B70600458366 /* Debug */ = {
			isa = XCBuildConfiguration;
			baseConfigurationReference = B9BD23B2608CEA088040D423 /* Pods.debug.xcconfig */;
			buildSettings = {
				ASSETCATALOG_COMPILER_APPICON_NAME = AppIcon;
				ASSETCATALOG_COMPILER_LAUNCHIMAGE_NAME = LaunchImage;
				GCC_PRECOMPILE_PREFIX_HEADER = YES;
				GCC_PREFIX_HEADER = "Filmoteca de Albacete/Filmoteca de Albacete-Prefix.pch";
				INFOPLIST_FILE = "Filmoteca de Albacete/Filmoteca de Albacete-Info.plist";
				PRODUCT_NAME = "$(TARGET_NAME)";
				WRAPPER_EXTENSION = app;
			};
			name = Debug;
		};
		ABADCD2419B1B70600458366 /* Release */ = {
			isa = XCBuildConfiguration;
			baseConfigurationReference = 569BBE2D5DAD37B11D74E66B /* Pods.release.xcconfig */;
			buildSettings = {
				ASSETCATALOG_COMPILER_APPICON_NAME = AppIcon;
				ASSETCATALOG_COMPILER_LAUNCHIMAGE_NAME = LaunchImage;
				GCC_PRECOMPILE_PREFIX_HEADER = YES;
				GCC_PREFIX_HEADER = "Filmoteca de Albacete/Filmoteca de Albacete-Prefix.pch";
				INFOPLIST_FILE = "Filmoteca de Albacete/Filmoteca de Albacete-Info.plist";
				PRODUCT_NAME = "$(TARGET_NAME)";
				WRAPPER_EXTENSION = app;
			};
			name = Release;
		};
		ABADCD2619B1B70600458366 /* Debug */ = {
			isa = XCBuildConfiguration;
			buildSettings = {
				BUNDLE_LOADER = "$(BUILT_PRODUCTS_DIR)/Filmoteca de Albacete.app/Filmoteca de Albacete";
				FRAMEWORK_SEARCH_PATHS = (
					"$(SDKROOT)/Developer/Library/Frameworks",
					"$(inherited)",
					"$(DEVELOPER_FRAMEWORKS_DIR)",
				);
				GCC_PRECOMPILE_PREFIX_HEADER = YES;
				GCC_PREFIX_HEADER = "Filmoteca de Albacete/Filmoteca de Albacete-Prefix.pch";
				GCC_PREPROCESSOR_DEFINITIONS = (
					"DEBUG=1",
					"$(inherited)",
				);
				INFOPLIST_FILE = "Filmoteca de AlbaceteTests/Filmoteca de AlbaceteTests-Info.plist";
				PRODUCT_NAME = "$(TARGET_NAME)";
				TEST_HOST = "$(BUNDLE_LOADER)";
				WRAPPER_EXTENSION = xctest;
			};
			name = Debug;
		};
		ABADCD2719B1B70600458366 /* Release */ = {
			isa = XCBuildConfiguration;
			buildSettings = {
				BUNDLE_LOADER = "$(BUILT_PRODUCTS_DIR)/Filmoteca de Albacete.app/Filmoteca de Albacete";
				FRAMEWORK_SEARCH_PATHS = (
					"$(SDKROOT)/Developer/Library/Frameworks",
					"$(inherited)",
					"$(DEVELOPER_FRAMEWORKS_DIR)",
				);
				GCC_PRECOMPILE_PREFIX_HEADER = YES;
				GCC_PREFIX_HEADER = "Filmoteca de Albacete/Filmoteca de Albacete-Prefix.pch";
				INFOPLIST_FILE = "Filmoteca de AlbaceteTests/Filmoteca de AlbaceteTests-Info.plist";
				PRODUCT_NAME = "$(TARGET_NAME)";
				TEST_HOST = "$(BUNDLE_LOADER)";
				WRAPPER_EXTENSION = xctest;
			};
			name = Release;
		};
/* End XCBuildConfiguration section */

/* Begin XCConfigurationList section */
		ABADCCF119B1B70600458366 /* Build configuration list for PBXProject "Filmoteca de Albacete" */ = {
			isa = XCConfigurationList;
			buildConfigurations = (
				ABADCD2019B1B70600458366 /* Debug */,
				ABADCD2119B1B70600458366 /* Release */,
			);
			defaultConfigurationIsVisible = 0;
			defaultConfigurationName = Release;
		};
		ABADCD2219B1B70600458366 /* Build configuration list for PBXNativeTarget "Filmoteca de Albacete" */ = {
			isa = XCConfigurationList;
			buildConfigurations = (
				ABADCD2319B1B70600458366 /* Debug */,
				ABADCD2419B1B70600458366 /* Release */,
			);
			defaultConfigurationIsVisible = 0;
			defaultConfigurationName = Release;
		};
		ABADCD2519B1B70600458366 /* Build configuration list for PBXNativeTarget "Filmoteca de AlbaceteTests" */ = {
			isa = XCConfigurationList;
			buildConfigurations = (
				ABADCD2619B1B70600458366 /* Debug */,
				ABADCD2719B1B70600458366 /* Release */,
			);
			defaultConfigurationIsVisible = 0;
			defaultConfigurationName = Release;
		};
/* End XCConfigurationList section */
	};
	rootObject = ABADCCEE19B1B70600458366 /* Project object */;
}
